
Microsoft Visual Studio Solution File, Format Version 12.00
# Visual Studio Version 17
VisualStudioVersion = 17.1.32210.238
MinimumVisualStudioVersion = 10.0.40219.1
Project("{9A19103F-16F7-4668-BE54-9A1E7A4F7556}") = "WPFCoreMVVM_EF", "WPFCoreMVVM_EF.csproj", "{05340043-CB2A-4D90-A105-9DB717E6B5FF}"
EndProject
Project("{FAE04EC0-301F-11D3-BF4B-00C04F79EFBC}") = "Test_ADO.Net", "..\Test_ADO.Net\Test_ADO.Net.csproj", "{8012DB20-11C9-4B33-996C-2EDF36414400}"
EndProject
Project("{FAE04EC0-301F-11D3-BF4B-00C04F79EFBC}") = "ResearchersWPF.Data", "..\WPF-MVVM-EFC-Example\ResearchersWPF.Data\ResearchersWPF.Data.csproj", "{3B27AE7E-A295-401C-801F-19822EB9EA1F}"
EndProject
Project("{FAE04EC0-301F-11D3-BF4B-00C04F79EFBC}") = "ResearchersWPF.UI", "..\WPF-MVVM-EFC-Example\ResearchersWPF.UI\ResearchersWPF.UI.csproj", "{AEB147E1-F9B0-438F-B730-3B5CFDFCAF02}"
EndProject
Global
	GlobalSection(SolutionConfigurationPlatforms) = preSolution
		Debug|Any CPU = Debug|Any CPU
		Release|Any CPU = Release|Any CPU
	EndGlobalSection
	GlobalSection(ProjectConfigurationPlatforms) = postSolution
		{05340043-CB2A-4D90-A105-9DB717E6B5FF}.Debug|Any CPU.ActiveCfg = Debug|Any CPU
		{05340043-CB2A-4D90-A105-9DB717E6B5FF}.Debug|Any CPU.Build.0 = Debug|Any CPU
		{05340043-CB2A-4D90-A105-9DB717E6B5FF}.Release|Any CPU.ActiveCfg = Release|Any CPU
		{05340043-CB2A-4D90-A105-9DB717E6B5FF}.Release|Any CPU.Build.0 = Release|Any CPU
		{8012DB20-11C9-4B33-996C-2EDF36414400}.Debug|Any CPU.ActiveCfg = Debug|Any CPU
		{8012DB20-11C9-4B33-996C-2EDF36414400}.Debug|Any CPU.Build.0 = Debug|Any CPU
		{8012DB20-11C9-4B33-996C-2EDF36414400}.Release|Any CPU.ActiveCfg = Release|Any CPU
		{8012DB20-11C9-4B33-996C-2EDF36414400}.Release|Any CPU.Build.0 = Release|Any CPU
		{3B27AE7E-A295-401C-801F-19822EB9EA1F}.Debug|Any CPU.ActiveCfg = Debug|Any CPU
		{3B27AE7E-A295-401C-801F-19822EB9EA1F}.Debug|Any CPU.Build.0 = Debug|Any CPU
		{3B27AE7E-A295-401C-801F-19822EB9EA1F}.Release|Any CPU.ActiveCfg = Release|Any CPU
		{3B27AE7E-A295-401C-801F-19822EB9EA1F}.Release|Any CPU.Build.0 = Release|Any CPU
		{AEB147E1-F9B0-438F-B730-3B5CFDFCAF02}.Debug|Any CPU.ActiveCfg = Debug|Any CPU
		{AEB147E1-F9B0-438F-B730-3B5CFDFCAF02}.Debug|Any CPU.Build.0 = Debug|Any CPU
		{AEB147E1-F9B0-438F-B730-3B5CFDFCAF02}.Release|Any CPU.ActiveCfg = Release|Any CPU
		{AEB147E1-F9B0-438F-B730-3B5CFDFCAF02}.Release|Any CPU.Build.0 = Release|Any CPU
	EndGlobalSection
	GlobalSection(SolutionProperties) = preSolution
		HideSolutionNode = FALSE
	EndGlobalSection
	GlobalSection(ExtensibilityGlobals) = postSolution
		SolutionGuid = {F21EF521-043F-4BE4-8544-D3EAC93877F9}
	EndGlobalSection
EndGlobal
